
Microsoft Visual Studio Solution File, Format Version 12.00
# Visual Studio Version 16
VisualStudioVersion = 16.0.30128.74
MinimumVisualStudioVersion = 10.0.40219.1
Project("{FAE04EC0-301F-11D3-BF4B-00C04F79EFBC}") = "Cw3", "Cw3\Cw3.csproj", "{7296B3BD-332F-4D2B-8129-4CB39169D460}"
EndProject
Global
	GlobalSection(SolutionConfigurationPlatforms) = preSolution
		Debug|Any CPU = Debug|Any CPU
		Release|Any CPU = Release|Any CPU
	EndGlobalSection
	GlobalSection(ProjectConfigurationPlatforms) = postSolution
		{7296B3BD-332F-4D2B-8129-4CB39169D460}.Debug|Any CPU.ActiveCfg = Debug|Any CPU
		{7296B3BD-332F-4D2B-8129-4CB39169D460}.Debug|Any CPU.Build.0 = Debug|Any CPU
		{7296B3BD-332F-4D2B-8129-4CB39169D460}.Release|Any CPU.ActiveCfg = Release|Any CPU
		{7296B3BD-332F-4D2B-8129-4CB39169D460}.Release|Any CPU.Build.0 = Release|Any CPU
	EndGlobalSection
	GlobalSection(SolutionProperties) = preSolution
		HideSolutionNode = FALSE
	EndGlobalSection
	GlobalSection(ExtensibilityGlobals) = postSolution
		SolutionGuid = {AE0E89FA-E582-439C-BE07-3617180935C8}
	EndGlobalSection
EndGlobal
